
Microsoft Visual Studio Solution File, Format Version 12.00
# Visual Studio Version 17
VisualStudioVersion = 17.0.31912.275
MinimumVisualStudioVersion = 10.0.40219.1
Project("{9A19103F-16F7-4668-BE54-9A1E7A4F7556}") = "PlantMonitorWebApp.Server", "PlantMonitorWebApp\Server\PlantMonitorWebApp.Server.csproj", "{D9464726-0502-4F5C-AF8F-9461502B3F37}"
EndProject
Project("{9A19103F-16F7-4668-BE54-9A1E7A4F7556}") = "PlantMonitorWebApp.Client", "PlantMonitorWebApp\Client\PlantMonitorWebApp.Client.csproj", "{6FC80981-D8C3-48A4-BA52-EA5B7A1C6A85}"
EndProject
Project("{9A19103F-16F7-4668-BE54-9A1E7A4F7556}") = "PlantMonitorWebApp.Shared", "PlantMonitorWebApp\Shared\PlantMonitorWebApp.Shared.csproj", "{F1172F6F-C7D4-4A0E-8BC6-ACC283FC9EA1}"
EndProject
Project("{9A19103F-16F7-4668-BE54-9A1E7A4F7556}") = "UnitTests", "UnitTests\UnitTests\UnitTests.csproj", "{5CA6E767-A0ED-47E4-BBC6-3DC0342262C0}"
EndProject
Project("{9A19103F-16F7-4668-BE54-9A1E7A4F7556}") = "PlantMonitorWebApp.Repository", "PlantMonitorWebApp.Repository\PlantMonitorWebApp.Repository.csproj", "{FB751E6E-F974-4B26-A478-717201626549}"
EndProject
Project("{9A19103F-16F7-4668-BE54-9A1E7A4F7556}") = "PlantMonitorWebApp.ManualTests", "PlantMonitorWebApp.ManualTests\PlantMonitorWebApp.ManualTests.csproj", "{C090D223-BF53-404A-8A2D-8FDF9FDCD3CD}"
EndProject
Global
	GlobalSection(SolutionConfigurationPlatforms) = preSolution
		Debug|Any CPU = Debug|Any CPU
		Release|Any CPU = Release|Any CPU
	EndGlobalSection
	GlobalSection(ProjectConfigurationPlatforms) = postSolution
		{D9464726-0502-4F5C-AF8F-9461502B3F37}.Debug|Any CPU.ActiveCfg = Debug|Any CPU
		{D9464726-0502-4F5C-AF8F-9461502B3F37}.Debug|Any CPU.Build.0 = Debug|Any CPU
		{D9464726-0502-4F5C-AF8F-9461502B3F37}.Release|Any CPU.ActiveCfg = Release|Any CPU
		{D9464726-0502-4F5C-AF8F-9461502B3F37}.Release|Any CPU.Build.0 = Release|Any CPU
		{6FC80981-D8C3-48A4-BA52-EA5B7A1C6A85}.Debug|Any CPU.ActiveCfg = Debug|Any CPU
		{6FC80981-D8C3-48A4-BA52-EA5B7A1C6A85}.Debug|Any CPU.Build.0 = Debug|Any CPU
		{6FC80981-D8C3-48A4-BA52-EA5B7A1C6A85}.Release|Any CPU.ActiveCfg = Release|Any CPU
		{6FC80981-D8C3-48A4-BA52-EA5B7A1C6A85}.Release|Any CPU.Build.0 = Release|Any CPU
		{F1172F6F-C7D4-4A0E-8BC6-ACC283FC9EA1}.Debug|Any CPU.ActiveCfg = Debug|Any CPU
		{F1172F6F-C7D4-4A0E-8BC6-ACC283FC9EA1}.Debug|Any CPU.Build.0 = Debug|Any CPU
		{F1172F6F-C7D4-4A0E-8BC6-ACC283FC9EA1}.Release|Any CPU.ActiveCfg = Release|Any CPU
		{F1172F6F-C7D4-4A0E-8BC6-ACC283FC9EA1}.Release|Any CPU.Build.0 = Release|Any CPU
		{5CA6E767-A0ED-47E4-BBC6-3DC0342262C0}.Debug|Any CPU.ActiveCfg = Debug|Any CPU
		{5CA6E767-A0ED-47E4-BBC6-3DC0342262C0}.Debug|Any CPU.Build.0 = Debug|Any CPU
		{5CA6E767-A0ED-47E4-BBC6-3DC0342262C0}.Release|Any CPU.ActiveCfg = Release|Any CPU
		{5CA6E767-A0ED-47E4-BBC6-3DC0342262C0}.Release|Any CPU.Build.0 = Release|Any CPU
		{FB751E6E-F974-4B26-A478-717201626549}.Debug|Any CPU.ActiveCfg = Debug|Any CPU
		{FB751E6E-F974-4B26-A478-717201626549}.Debug|Any CPU.Build.0 = Debug|Any CPU
		{FB751E6E-F974-4B26-A478-717201626549}.Release|Any CPU.ActiveCfg = Release|Any CPU
		{FB751E6E-F974-4B26-A478-717201626549}.Release|Any CPU.Build.0 = Release|Any CPU
		{C090D223-BF53-404A-8A2D-8FDF9FDCD3CD}.Debug|Any CPU.ActiveCfg = Debug|Any CPU
		{C090D223-BF53-404A-8A2D-8FDF9FDCD3CD}.Debug|Any CPU.Build.0 = Debug|Any CPU
		{C090D223-BF53-404A-8A2D-8FDF9FDCD3CD}.Release|Any CPU.ActiveCfg = Release|Any CPU
		{C090D223-BF53-404A-8A2D-8FDF9FDCD3CD}.Release|Any CPU.Build.0 = Release|Any CPU
	EndGlobalSection
	GlobalSection(SolutionProperties) = preSolution
		HideSolutionNode = FALSE
	EndGlobalSection
	GlobalSection(ExtensibilityGlobals) = postSolution
		SolutionGuid = {FD23BD23-492B-4BBF-A952-C72FF872B59F}
	EndGlobalSection
EndGlobal
